
Microsoft Visual Studio Solution File, Format Version 12.00
# Visual Studio 2013
VisualStudioVersion = 12.0.31101.0
MinimumVisualStudioVersion = 10.0.40219.1
Project("{FAE04EC0-301F-11D3-BF4B-00C04F79EFBC}") = "Lectern2", "Lectern2\Lectern2.csproj", "{E7C01514-7EB4-43AF-B872-686A46766899}"
EndProject
Project("{FAE04EC0-301F-11D3-BF4B-00C04F79EFBC}") = "Lectern2Tests", "Lectern2Tests\Lectern2Tests.csproj", "{E519AF54-22F0-4F6D-9759-B2000FDF675B}"
EndProject
Project("{2150E333-8FDC-42A3-9474-1A3956D46DE8}") = "LecternPlugins", "LecternPlugins", "{B0272996-1FAF-4AEE-82E4-45865B41CCD0}"
EndProject
Project("{FAE04EC0-301F-11D3-BF4B-00C04F79EFBC}") = "MiscTools", "MiscTools\MiscTools.csproj", "{D3F93C7C-DEB9-4029-9C42-8B322B27CFEA}"
EndProject
Project("{2150E333-8FDC-42A3-9474-1A3956D46DE8}") = ".nuget", ".nuget", "{3BCDBB1C-F395-4C66-A583-8F84449B88E6}"
	ProjectSection(SolutionItems) = preProject
		.nuget\packages.config = .nuget\packages.config
	EndProjectSection
EndProject
Global
	GlobalSection(SolutionConfigurationPlatforms) = preSolution
		Debug|Any CPU = Debug|Any CPU
		Release|Any CPU = Release|Any CPU
	EndGlobalSection
	GlobalSection(ProjectConfigurationPlatforms) = postSolution
		{E7C01514-7EB4-43AF-B872-686A46766899}.Debug|Any CPU.ActiveCfg = Debug|Any CPU
		{E7C01514-7EB4-43AF-B872-686A46766899}.Debug|Any CPU.Build.0 = Debug|Any CPU
		{E7C01514-7EB4-43AF-B872-686A46766899}.Release|Any CPU.ActiveCfg = Release|Any CPU
		{E7C01514-7EB4-43AF-B872-686A46766899}.Release|Any CPU.Build.0 = Release|Any CPU
		{E519AF54-22F0-4F6D-9759-B2000FDF675B}.Debug|Any CPU.ActiveCfg = Debug|Any CPU
		{E519AF54-22F0-4F6D-9759-B2000FDF675B}.Debug|Any CPU.Build.0 = Debug|Any CPU
		{E519AF54-22F0-4F6D-9759-B2000FDF675B}.Release|Any CPU.ActiveCfg = Release|Any CPU
		{E519AF54-22F0-4F6D-9759-B2000FDF675B}.Release|Any CPU.Build.0 = Release|Any CPU
		{D3F93C7C-DEB9-4029-9C42-8B322B27CFEA}.Debug|Any CPU.ActiveCfg = Debug|Any CPU
		{D3F93C7C-DEB9-4029-9C42-8B322B27CFEA}.Debug|Any CPU.Build.0 = Debug|Any CPU
		{D3F93C7C-DEB9-4029-9C42-8B322B27CFEA}.Debug|Any CPU.Deploy.0 = Debug|Any CPU
		{D3F93C7C-DEB9-4029-9C42-8B322B27CFEA}.Release|Any CPU.ActiveCfg = Release|Any CPU
		{D3F93C7C-DEB9-4029-9C42-8B322B27CFEA}.Release|Any CPU.Build.0 = Release|Any CPU
	EndGlobalSection
	GlobalSection(SolutionProperties) = preSolution
		HideSolutionNode = FALSE
	EndGlobalSection
	GlobalSection(NestedProjects) = preSolution
		{D3F93C7C-DEB9-4029-9C42-8B322B27CFEA} = {B0272996-1FAF-4AEE-82E4-45865B41CCD0}
	EndGlobalSection
EndGlobal
